
Microsoft Visual Studio Solution File, Format Version 9.00
# Visual Studio 2005
Project("{8BC9CEB8-8B4A-11D0-8D11-00A0C91BC942}") = "LatteArtMachine", "LatteArtMachine\LatteArtMachine.vcproj", "{22953ECE-778F-4E6D-A1E1-DA9941C74032}"
EndProject
Global
	GlobalSection(SolutionConfigurationPlatforms) = preSolution
		Debug|Win32 = Debug|Win32
		Release|Win32 = Release|Win32
	EndGlobalSection
	GlobalSection(ProjectConfigurationPlatforms) = postSolution
		{22953ECE-778F-4E6D-A1E1-DA9941C74032}.Debug|Win32.ActiveCfg = Debug|Win32
		{22953ECE-778F-4E6D-A1E1-DA9941C74032}.Debug|Win32.Build.0 = Debug|Win32
		{22953ECE-778F-4E6D-A1E1-DA9941C74032}.Release|Win32.ActiveCfg = Release|Win32
		{22953ECE-778F-4E6D-A1E1-DA9941C74032}.Release|Win32.Build.0 = Release|Win32
	EndGlobalSection
	GlobalSection(SolutionProperties) = preSolution
		HideSolutionNode = FALSE
	EndGlobalSection
EndGlobal
